
Microsoft Visual Studio Solution File, Format Version 12.00
# Visual Studio Version 17
VisualStudioVersion = 17.4.33213.308
MinimumVisualStudioVersion = 10.0.40219.1
Project("{FAE04EC0-301F-11D3-BF4B-00C04F79EFBC}") = "09.02.23 dz", "09.02.23 dz\09.02.23 dz.csproj", "{8ECDC987-A7A6-4179-B208-8163CE44C9A0}"
EndProject
Global
	GlobalSection(SolutionConfigurationPlatforms) = preSolution
		Debug|Any CPU = Debug|Any CPU
		Release|Any CPU = Release|Any CPU
	EndGlobalSection
	GlobalSection(ProjectConfigurationPlatforms) = postSolution
		{8ECDC987-A7A6-4179-B208-8163CE44C9A0}.Debug|Any CPU.ActiveCfg = Debug|Any CPU
		{8ECDC987-A7A6-4179-B208-8163CE44C9A0}.Debug|Any CPU.Build.0 = Debug|Any CPU
		{8ECDC987-A7A6-4179-B208-8163CE44C9A0}.Release|Any CPU.ActiveCfg = Release|Any CPU
		{8ECDC987-A7A6-4179-B208-8163CE44C9A0}.Release|Any CPU.Build.0 = Release|Any CPU
	EndGlobalSection
	GlobalSection(SolutionProperties) = preSolution
		HideSolutionNode = FALSE
	EndGlobalSection
	GlobalSection(ExtensibilityGlobals) = postSolution
		SolutionGuid = {B4EE837A-041B-4209-94B1-EF0A84EC5821}
	EndGlobalSection
EndGlobal
